
Microsoft Visual Studio Solution File, Format Version 12.00
# Visual Studio Version 17
VisualStudioVersion = 17.10.34928.147
MinimumVisualStudioVersion = 10.0.40219.1
Project("{FAE04EC0-301F-11D3-BF4B-00C04F79EFBC}") = "cp1", "cp1\cp1.csproj", "{2E89314F-F786-4D33-A3AF-A5C6EC9D30F7}"
EndProject
Global
	GlobalSection(SolutionConfigurationPlatforms) = preSolution
		Debug|Any CPU = Debug|Any CPU
		Release|Any CPU = Release|Any CPU
	EndGlobalSection
	GlobalSection(ProjectConfigurationPlatforms) = postSolution
		{2E89314F-F786-4D33-A3AF-A5C6EC9D30F7}.Debug|Any CPU.ActiveCfg = Debug|Any CPU
		{2E89314F-F786-4D33-A3AF-A5C6EC9D30F7}.Debug|Any CPU.Build.0 = Debug|Any CPU
		{2E89314F-F786-4D33-A3AF-A5C6EC9D30F7}.Release|Any CPU.ActiveCfg = Release|Any CPU
		{2E89314F-F786-4D33-A3AF-A5C6EC9D30F7}.Release|Any CPU.Build.0 = Release|Any CPU
	EndGlobalSection
	GlobalSection(SolutionProperties) = preSolution
		HideSolutionNode = FALSE
	EndGlobalSection
	GlobalSection(ExtensibilityGlobals) = postSolution
		SolutionGuid = {67EC6A9F-6438-4C51-9297-625C08486AFE}
	EndGlobalSection
EndGlobal
